parameters:
  -
    in: path
    name: id
    required: true
    description: 'The note id.'
    schema:
      type: string
      format: uuid
delete:
  tags:
    - Note
  summary: 'Unlock a note by id.'
  operationId: lock_note
  responses:
    204:
      description: 'The note has been unlocked.'
    401:
      description: Unauthorized
    403:
      description: Forbidden
put:
  tags:
    - Note
  summary: 'Lock a note by id.'
  operationId: unlock_note
  responses:
    200:
      description: 'The unlocked note.'
      content:
        application/json:
          schema:
            type: object
            properties:
              data:
                $ref: ../../models/note.yml
              meta:
                type: object
    401:
      description: Unauthorized
    403:
      description: Forbidden
