parameters:
  -
    in: path
    name: id
    required: true
    description: 'The version id.'
    schema:
      type: string
      format: uuid
delete:
  tags:
    - Version
  summary: 'Unlock a version by id.'
  operationId: lock_version
  responses:
    204:
      description: 'The version has been unlocked.'
    401:
      description: Unauthorized
    403:
      description: Forbidden
put:
  tags:
    - Version
  summary: 'Lock a version by id.'
  operationId: unlock_version
  responses:
    200:
      description: 'The unlocked version.'
      content:
        application/json:
          schema:
            type: object
            properties:
              data:
                $ref: ../../models/version.yml
              meta:
                type: object
    401:
      description: Unauthorized
    403:
      description: Forbidden
