parameters:
  -
    in: path
    name: id
    required: true
    description: 'The board id.'
    schema:
      type: string
      format: uuid
delete:
  tags:
    - Board
  summary: 'Unlock a board by id.'
  operationId: lock_board
  responses:
    204:
      description: 'The board has been unlocked.'
    401:
      description: Unauthorized
    403:
      description: Forbidden
put:
  tags:
    - Board
  summary: 'Lock a board by id.'
  operationId: unlock_board
  responses:
    200:
      description: 'The unlocked board.'
      content:
        application/json:
          schema:
            type: object
            properties:
              data:
                $ref: ../../models/board.yml
              meta:
                type: object
    401:
      description: Unauthorized
    403:
      description: Forbidden
