parameters:
  -
    in: path
    name: id
    required: true
    description: 'The tag id.'
    schema:
      type: string
      format: uuid
delete:
  tags:
    - Tag
  summary: 'Unlock a tag by id.'
  operationId: lock_tag
  responses:
    204:
      description: 'The tag has been unlocked.'
    401:
      description: Unauthorized
    403:
      description: Forbidden
put:
  tags:
    - Tag
  summary: 'Lock a tag by id.'
  operationId: unlock_tag
  responses:
    200:
      description: 'The unlocked tag.'
      content:
        application/json:
          schema:
            type: object
            properties:
              data:
                $ref: ../../models/tag.yml
              meta:
                type: object
    401:
      description: Unauthorized
    403:
      description: Forbidden
