parameters:
  -
    in: path
    name: id
    required: true
    description: 'The ticket id.'
    schema:
      type: string
      format: uuid
delete:
  tags:
    - Ticket
  summary: 'Unlock a ticket by id.'
  operationId: lock_ticket
  responses:
    204:
      description: 'The ticket has been unlocked.'
    401:
      description: Unauthorized
    403:
      description: Forbidden
put:
  tags:
    - Ticket
  summary: 'Lock a ticket by id.'
  operationId: unlock_ticket
  responses:
    200:
      description: 'The unlocked ticket.'
      content:
        application/json:
          schema:
            type: object
            properties:
              data:
                $ref: ../../models/ticket.yml
              meta:
                type: object
    401:
      description: Unauthorized
    403:
      description: Forbidden
